
Microsoft Visual Studio Solution File, Format Version 12.00
# Visual Studio Version 16
VisualStudioVersion = 16.0.31328.270
MinimumVisualStudioVersion = 10.0.40219.1
Project("{9A19103F-16F7-4668-BE54-9A1E7A4F7556}") = "mywebapp", "mywebapp.csproj", "{5462D231-C01B-4A0E-87F0-5ED4EA66C568}"
EndProject
Global
	GlobalSection(SolutionConfigurationPlatforms) = preSolution
		Debug|Any CPU = Debug|Any CPU
		Release|Any CPU = Release|Any CPU
	EndGlobalSection
	GlobalSection(ProjectConfigurationPlatforms) = postSolution
		{5462D231-C01B-4A0E-87F0-5ED4EA66C568}.Debug|Any CPU.ActiveCfg = Debug|Any CPU
		{5462D231-C01B-4A0E-87F0-5ED4EA66C568}.Debug|Any CPU.Build.0 = Debug|Any CPU
		{5462D231-C01B-4A0E-87F0-5ED4EA66C568}.Release|Any CPU.ActiveCfg = Release|Any CPU
		{5462D231-C01B-4A0E-87F0-5ED4EA66C568}.Release|Any CPU.Build.0 = Release|Any CPU
	EndGlobalSection
	GlobalSection(SolutionProperties) = preSolution
		HideSolutionNode = FALSE
	EndGlobalSection
	GlobalSection(ExtensibilityGlobals) = postSolution
		SolutionGuid = {1D865A7F-52D6-48D7-8B41-36C51B8498E8}
	EndGlobalSection
EndGlobal
